
Microsoft Visual Studio Solution File, Format Version 12.00
# Visual Studio Version 16
VisualStudioVersion = 16.0.29905.134
MinimumVisualStudioVersion = 10.0.40219.1
Project("{9A19103F-16F7-4668-BE54-9A1E7A4F7556}") = "MessengerAPI", "MessengerAPI\MessengerAPI.csproj", "{09AC53CF-6995-433C-97C9-CBD0CBB893FC}"
EndProject
Global
	GlobalSection(SolutionConfigurationPlatforms) = preSolution
		Debug|Any CPU = Debug|Any CPU
		Release|Any CPU = Release|Any CPU
	EndGlobalSection
	GlobalSection(ProjectConfigurationPlatforms) = postSolution
		{09AC53CF-6995-433C-97C9-CBD0CBB893FC}.Debug|Any CPU.ActiveCfg = Debug|Any CPU
		{09AC53CF-6995-433C-97C9-CBD0CBB893FC}.Debug|Any CPU.Build.0 = Debug|Any CPU
		{09AC53CF-6995-433C-97C9-CBD0CBB893FC}.Release|Any CPU.ActiveCfg = Release|Any CPU
		{09AC53CF-6995-433C-97C9-CBD0CBB893FC}.Release|Any CPU.Build.0 = Release|Any CPU
	EndGlobalSection
	GlobalSection(SolutionProperties) = preSolution
		HideSolutionNode = FALSE
	EndGlobalSection
	GlobalSection(ExtensibilityGlobals) = postSolution
		SolutionGuid = {DF0EF10A-A2CE-4B7C-840E-F6E50FB62855}
	EndGlobalSection
EndGlobal
